<?xml version="1.0" encoding="utf-8"?>
<Project ToolsVersion="4.0" xmlns="http://schemas.microsoft.com/developer/msbuild/2003">
  <ItemGroup>
    <Filter Include="Source Files">
      <UniqueIdentifier>{4FC737F1-C7A5-4376-A066-2A32D752A2FF}</UniqueIdentifier>
      <Extensions>cpp;c;cc;cxx;def;odl;idl;hpj;bat;asm;asmx</Extensions>
    </Filter>
    <Filter Include="Header Files">
      <UniqueIdentifier>{93995380-89BD-4b04-88EB-625FBE52EBFB}</UniqueIdentifier>
      <Extensions>h;hh;hpp;hxx;hm;inl;inc;xsd</Extensions>
    </Filter>
    <Filter Include="Resource Files">
      <UniqueIdentifier>{67DA6AB6-F800-4c08-8B7A-83BB121AAD01}</UniqueIdentifier>
      <Extensions>rc;ico;cur;bmp;dlg;rc2;rct;bin;rgs;gif;jpg;jpeg;jpe;resx;tiff;tif;png;wav;mfcribbon-ms</Extensions>
    </Filter>
    <Filter Include="csrlib">
      <UniqueIdentifier>{8dcebdb4-f013-4180-b343-6292e98476a0}</UniqueIdentifier>
    </Filter>
  </ItemGroup>
  <ItemGroup>
    <ClInclude Include="csrorder.h">
      <Filter>csrlib</Filter>
    </ClInclude>
    <ClInclude Include="interview.h">
      <Filter>csrlib</Filter>
    </ClInclude>
    <ClInclude Include="csrshape.h">
      <Filter>csrlib</Filter>
    </ClInclude>
    <ClInclude Include="csrlist.h">
      <Filter>csrlib</Filter>
    </ClInclude>
    <ClInclude Include="csrtree.h">
      <Filter>csrlib</Filter>
    </ClInclude>
    <ClInclude Include="csrstack.h">
      <Filter>csrlib</Filter>
    </ClInclude>
    <ClInclude Include="csrdoublelist.h">
      <Filter>csrlib</Filter>
    </ClInclude>
    <ClInclude Include="csrstring.h">
      <Filter>csrlib</Filter>
    </ClInclude>
    <ClInclude Include="csrlog.h">
      <Filter>csrlib</Filter>
    </ClInclude>
    <ClInclude Include="csrhashcode.h">
      <Filter>csrlib</Filter>
    </ClInclude>
    <ClInclude Include="csrthread.h">
      <Filter>csrlib</Filter>
    </ClInclude>
    <ClInclude Include="csrnetutil.h">
      <Filter>csrlib</Filter>
    </ClInclude>
    <ClInclude Include="csrplot.h">
      <Filter>csrlib</Filter>
    </ClInclude>
    <ClInclude Include="csrcopy.h">
      <Filter>csrlib</Filter>
    </ClInclude>
    <ClInclude Include="csrfilesystem.h">
      <Filter>csrlib</Filter>
    </ClInclude>
    <ClInclude Include="csrtw.h">
      <Filter>csrlib</Filter>
    </ClInclude>
    <ClInclude Include="csrftp.h">
      <Filter>csrlib</Filter>
    </ClInclude>
    <ClInclude Include="csrdoulist.h">
      <Filter>csrlib</Filter>
    </ClInclude>
    <ClInclude Include="csrfileutils.h">
      <Filter>csrlib</Filter>
    </ClInclude>
    <ClInclude Include="csrscreenscanner.h">
      <Filter>csrlib</Filter>
    </ClInclude>
    <ClInclude Include="csrscreencututils.h">
      <Filter>csrlib</Filter>
    </ClInclude>
    <ClInclude Include="comheader.h">
      <Filter>csrlib</Filter>
    </ClInclude>
  </ItemGroup>
  <ItemGroup>
    <ClCompile Include="csrorder.cpp">
      <Filter>csrlib</Filter>
    </ClCompile>
    <ClCompile Include="csrlibTest.cpp">
      <Filter>Source Files</Filter>
    </ClCompile>
    <ClCompile Include="csrshape.cpp">
      <Filter>csrlib</Filter>
    </ClCompile>
    <ClCompile Include="csrlist.cpp">
      <Filter>csrlib</Filter>
    </ClCompile>
    <ClCompile Include="csrtree.cpp">
      <Filter>csrlib</Filter>
    </ClCompile>
    <ClCompile Include="csrstack.cpp">
      <Filter>csrlib</Filter>
    </ClCompile>
    <ClCompile Include="csrdoublelist.cpp">
      <Filter>csrlib</Filter>
    </ClCompile>
    <ClCompile Include="csrstring.cpp">
      <Filter>csrlib</Filter>
    </ClCompile>
    <ClCompile Include="csrlog.cpp">
      <Filter>csrlib</Filter>
    </ClCompile>
    <ClCompile Include="csrhashcode.cpp">
      <Filter>csrlib</Filter>
    </ClCompile>
    <ClCompile Include="csrthread.cpp">
      <Filter>csrlib</Filter>
    </ClCompile>
    <ClCompile Include="csrnetutil.cpp">
      <Filter>csrlib</Filter>
    </ClCompile>
    <ClCompile Include="csrplot.cpp">
      <Filter>csrlib</Filter>
    </ClCompile>
    <ClCompile Include="csrcopy.cpp">
      <Filter>csrlib</Filter>
    </ClCompile>
    <ClCompile Include="csrfilesystem.cpp">
      <Filter>csrlib</Filter>
    </ClCompile>
    <ClCompile Include="csrtw.cpp">
      <Filter>csrlib</Filter>
    </ClCompile>
    <ClCompile Include="csrftp.cpp">
      <Filter>csrlib</Filter>
    </ClCompile>
    <ClCompile Include="csrdoulist.cpp">
      <Filter>csrlib</Filter>
    </ClCompile>
    <ClCompile Include="csrfileutils.cpp">
      <Filter>csrlib</Filter>
    </ClCompile>
    <ClCompile Include="csrscreenscanner.cpp">
      <Filter>csrlib</Filter>
    </ClCompile>
    <ClCompile Include="csrscreencututils.cpp">
      <Filter>csrlib</Filter>
    </ClCompile>
  </ItemGroup>
  <ItemGroup>
    <Text Include="ReadMe.txt" />
  </ItemGroup>
</Project>